
Microsoft Visual Studio Solution File, Format Version 12.00
Project("{FAE04EC0-301F-11D3-BF4B-00C04F79EFBC}") = "Jarvis", "Jarvis\Jarvis.csproj", "{FC520171-440F-4F99-81F2-341FA5707A91}"
EndProject
Project("{FAE04EC0-301F-11D3-BF4B-00C04F79EFBC}") = "Jarvis.Core", "Jarvis.Core\Jarvis.Core.csproj", "{3A23FEA9-EFD6-4FA1-899A-D1015B4790CD}"
EndProject
Project("{FAE04EC0-301F-11D3-BF4B-00C04F79EFBC}") = "Jarvis.Onnx", "Jarvis.Onnx\Jarvis.Onnx.csproj", "{5ABACF0A-4BF4-4BEB-B831-5B6DA5B3BB55}"
EndProject
Project("{FAE04EC0-301F-11D3-BF4B-00C04F79EFBC}") = "Jarvis.LLama", "Jarvis.LLama\Jarvis.LLama.csproj", "{89EAA500-74D4-47DC-95F9-CF674563CA84}"
EndProject
Global
	GlobalSection(SolutionConfigurationPlatforms) = preSolution
		Debug|Any CPU = Debug|Any CPU
		Release|Any CPU = Release|Any CPU
	EndGlobalSection
	GlobalSection(ProjectConfigurationPlatforms) = postSolution
		{FC520171-440F-4F99-81F2-341FA5707A91}.Debug|Any CPU.ActiveCfg = Debug|Any CPU
		{FC520171-440F-4F99-81F2-341FA5707A91}.Debug|Any CPU.Build.0 = Debug|Any CPU
		{FC520171-440F-4F99-81F2-341FA5707A91}.Release|Any CPU.ActiveCfg = Release|Any CPU
		{FC520171-440F-4F99-81F2-341FA5707A91}.Release|Any CPU.Build.0 = Release|Any CPU
		{3A23FEA9-EFD6-4FA1-899A-D1015B4790CD}.Debug|Any CPU.ActiveCfg = Debug|Any CPU
		{3A23FEA9-EFD6-4FA1-899A-D1015B4790CD}.Debug|Any CPU.Build.0 = Debug|Any CPU
		{3A23FEA9-EFD6-4FA1-899A-D1015B4790CD}.Release|Any CPU.ActiveCfg = Release|Any CPU
		{3A23FEA9-EFD6-4FA1-899A-D1015B4790CD}.Release|Any CPU.Build.0 = Release|Any CPU
		{5ABACF0A-4BF4-4BEB-B831-5B6DA5B3BB55}.Debug|Any CPU.ActiveCfg = Debug|Any CPU
		{5ABACF0A-4BF4-4BEB-B831-5B6DA5B3BB55}.Debug|Any CPU.Build.0 = Debug|Any CPU
		{5ABACF0A-4BF4-4BEB-B831-5B6DA5B3BB55}.Release|Any CPU.ActiveCfg = Release|Any CPU
		{5ABACF0A-4BF4-4BEB-B831-5B6DA5B3BB55}.Release|Any CPU.Build.0 = Release|Any CPU
		{89EAA500-74D4-47DC-95F9-CF674563CA84}.Debug|Any CPU.ActiveCfg = Debug|Any CPU
		{89EAA500-74D4-47DC-95F9-CF674563CA84}.Debug|Any CPU.Build.0 = Debug|Any CPU
		{89EAA500-74D4-47DC-95F9-CF674563CA84}.Release|Any CPU.ActiveCfg = Release|Any CPU
		{89EAA500-74D4-47DC-95F9-CF674563CA84}.Release|Any CPU.Build.0 = Release|Any CPU
	EndGlobalSection
EndGlobal
